
Microsoft Visual Studio Solution File, Format Version 12.00
# Visual Studio Version 16
VisualStudioVersion = 16.0.31129.286
MinimumVisualStudioVersion = 10.0.40219.1
Project("{FAE04EC0-301F-11D3-BF4B-00C04F79EFBC}") = "Win32BatteryTest", "Win32BatteryTest\Win32BatteryTest.csproj", "{05CA3F3B-3259-4FBB-9030-18822175C96D}"
EndProject
Global
	GlobalSection(SolutionConfigurationPlatforms) = preSolution
		Debug|Any CPU = Debug|Any CPU
		Release|Any CPU = Release|Any CPU
	EndGlobalSection
	GlobalSection(ProjectConfigurationPlatforms) = postSolution
		{05CA3F3B-3259-4FBB-9030-18822175C96D}.Debug|Any CPU.ActiveCfg = Debug|Any CPU
		{05CA3F3B-3259-4FBB-9030-18822175C96D}.Debug|Any CPU.Build.0 = Debug|Any CPU
		{05CA3F3B-3259-4FBB-9030-18822175C96D}.Release|Any CPU.ActiveCfg = Release|Any CPU
		{05CA3F3B-3259-4FBB-9030-18822175C96D}.Release|Any CPU.Build.0 = Release|Any CPU
	EndGlobalSection
	GlobalSection(SolutionProperties) = preSolution
		HideSolutionNode = FALSE
	EndGlobalSection
	GlobalSection(ExtensibilityGlobals) = postSolution
		SolutionGuid = {5CA012C0-5366-4DAE-A893-48D888C0AAF1}
	EndGlobalSection
EndGlobal
